<?xml version="1.0" encoding="utf-8"?>
<Project ToolsVersion="4.0" xmlns="http://schemas.microsoft.com/developer/msbuild/2003">
  <ItemGroup>
    <Filter Include="Source Files">
      <UniqueIdentifier>{4FC737F1-C7A5-4376-A066-2A32D752A2FF}</UniqueIdentifier>
      <Extensions>cpp;c;cc;cxx;def;odl;idl;hpj;bat;asm;asmx</Extensions>
    </Filter>
    <Filter Include="Header Files">
      <UniqueIdentifier>{93995380-89BD-4b04-88EB-625FBE52EBFB}</UniqueIdentifier>
      <Extensions>h;hh;hpp;hxx;hm;inl;inc;xsd</Extensions>
    </Filter>
    <Filter Include="Resource Files">
      <UniqueIdentifier>{67DA6AB6-F800-4c08-8B7A-83BB121AAD01}</UniqueIdentifier>
      <Extensions>rc;ico;cur;bmp;dlg;rc2;rct;bin;rgs;gif;jpg;jpeg;jpe;resx;tiff;tif;png;wav;mfcribbon-ms</Extensions>
    </Filter>
  </ItemGroup>
  <ItemGroup>
    <ClCompile Include="src\LDAPAddRequest.cpp">
      <Filter>Source Files</Filter>
    </ClCompile>
    <ClCompile Include="src\LDAPAsynConnection.cpp">
      <Filter>Source Files</Filter>
    </ClCompile>
    <ClCompile Include="src\LDAPAttribute.cpp">
      <Filter>Source Files</Filter>
    </ClCompile>
    <ClCompile Include="src\LDAPAttributeList.cpp">
      <Filter>Source Files</Filter>
    </ClCompile>
    <ClCompile Include="src\LDAPAttrType.cpp">
      <Filter>Source Files</Filter>
    </ClCompile>
    <ClCompile Include="src\LDAPBindRequest.cpp">
      <Filter>Source Files</Filter>
    </ClCompile>
    <ClCompile Include="src\LDAPCompareRequest.cpp">
      <Filter>Source Files</Filter>
    </ClCompile>
    <ClCompile Include="src\LDAPConnection.cpp">
      <Filter>Source Files</Filter>
    </ClCompile>
    <ClCompile Include="src\LDAPConstraints.cpp">
      <Filter>Source Files</Filter>
    </ClCompile>
    <ClCompile Include="src\LDAPControl.cpp">
      <Filter>Source Files</Filter>
    </ClCompile>
    <ClCompile Include="src\LDAPControlSet.cpp">
      <Filter>Source Files</Filter>
    </ClCompile>
    <ClCompile Include="src\LDAPDeleteRequest.cpp">
      <Filter>Source Files</Filter>
    </ClCompile>
    <ClCompile Include="src\LDAPEntry.cpp">
      <Filter>Source Files</Filter>
    </ClCompile>
    <ClCompile Include="src\LDAPEntryList.cpp">
      <Filter>Source Files</Filter>
    </ClCompile>
    <ClCompile Include="src\LDAPException.cpp">
      <Filter>Source Files</Filter>
    </ClCompile>
    <ClCompile Include="src\LDAPExtRequest.cpp">
      <Filter>Source Files</Filter>
    </ClCompile>
    <ClCompile Include="src\LDAPExtResult.cpp">
      <Filter>Source Files</Filter>
    </ClCompile>
    <ClCompile Include="src\LDAPMessage.cpp">
      <Filter>Source Files</Filter>
    </ClCompile>
    <ClCompile Include="src\LDAPMessageQueue.cpp">
      <Filter>Source Files</Filter>
    </ClCompile>
    <ClCompile Include="src\LDAPModDNRequest.cpp">
      <Filter>Source Files</Filter>
    </ClCompile>
    <ClCompile Include="src\LDAPModification.cpp">
      <Filter>Source Files</Filter>
    </ClCompile>
    <ClCompile Include="src\LDAPModifyRequest.cpp">
      <Filter>Source Files</Filter>
    </ClCompile>
    <ClCompile Include="src\LDAPModList.cpp">
      <Filter>Source Files</Filter>
    </ClCompile>
    <ClCompile Include="src\LDAPObjClass.cpp">
      <Filter>Source Files</Filter>
    </ClCompile>
    <ClCompile Include="src\LDAPRebind.cpp">
      <Filter>Source Files</Filter>
    </ClCompile>
    <ClCompile Include="src\LDAPRebindAuth.cpp">
      <Filter>Source Files</Filter>
    </ClCompile>
    <ClCompile Include="src\LDAPReferenceList.cpp">
      <Filter>Source Files</Filter>
    </ClCompile>
    <ClCompile Include="src\LDAPRequest.cpp">
      <Filter>Source Files</Filter>
    </ClCompile>
    <ClCompile Include="src\LDAPResult.cpp">
      <Filter>Source Files</Filter>
    </ClCompile>
    <ClCompile Include="src\LDAPSaslBindResult.cpp">
      <Filter>Source Files</Filter>
    </ClCompile>
    <ClCompile Include="src\LDAPSchema.cpp">
      <Filter>Source Files</Filter>
    </ClCompile>
    <ClCompile Include="src\LDAPSearchReference.cpp">
      <Filter>Source Files</Filter>
    </ClCompile>
    <ClCompile Include="src\LDAPSearchRequest.cpp">
      <Filter>Source Files</Filter>
    </ClCompile>
    <ClCompile Include="src\LDAPSearchResult.cpp">
      <Filter>Source Files</Filter>
    </ClCompile>
    <ClCompile Include="src\LDAPSearchResults.cpp">
      <Filter>Source Files</Filter>
    </ClCompile>
    <ClCompile Include="src\LDAPUrl.cpp">
      <Filter>Source Files</Filter>
    </ClCompile>
    <ClCompile Include="src\LDAPUrlList.cpp">
      <Filter>Source Files</Filter>
    </ClCompile>
    <ClCompile Include="src\LdifReader.cpp">
      <Filter>Source Files</Filter>
    </ClCompile>
    <ClCompile Include="src\LdifWriter.cpp">
      <Filter>Source Files</Filter>
    </ClCompile>
    <ClCompile Include="src\SaslInteraction.cpp">
      <Filter>Source Files</Filter>
    </ClCompile>
    <ClCompile Include="src\SaslInteractionHandler.cpp">
      <Filter>Source Files</Filter>
    </ClCompile>
    <ClCompile Include="src\StringList.cpp">
      <Filter>Source Files</Filter>
    </ClCompile>
    <ClCompile Include="src\TlsOptions.cpp">
      <Filter>Source Files</Filter>
    </ClCompile>
  </ItemGroup>
</Project>